
Microsoft Visual Studio Solution File, Format Version 12.00
# Visual Studio Version 16
VisualStudioVersion = 16.0.30907.101
MinimumVisualStudioVersion = 10.0.40219.1
Project("{FAE04EC0-301F-11D3-BF4B-00C04F79EFBC}") = "Gest-Biblio", "Gest-Biblio\Gest-Biblio.csproj", "{0F2C0E6F-6E7C-4DC0-9197-0D86E8A181BA}"
EndProject
Global
	GlobalSection(SolutionConfigurationPlatforms) = preSolution
		Debug|Any CPU = Debug|Any CPU
		Release|Any CPU = Release|Any CPU
	EndGlobalSection
	GlobalSection(ProjectConfigurationPlatforms) = postSolution
		{0F2C0E6F-6E7C-4DC0-9197-0D86E8A181BA}.Debug|Any CPU.ActiveCfg = Debug|Any CPU
		{0F2C0E6F-6E7C-4DC0-9197-0D86E8A181BA}.Debug|Any CPU.Build.0 = Debug|Any CPU
		{0F2C0E6F-6E7C-4DC0-9197-0D86E8A181BA}.Release|Any CPU.ActiveCfg = Release|Any CPU
		{0F2C0E6F-6E7C-4DC0-9197-0D86E8A181BA}.Release|Any CPU.Build.0 = Release|Any CPU
	EndGlobalSection
	GlobalSection(SolutionProperties) = preSolution
		HideSolutionNode = FALSE
	EndGlobalSection
	GlobalSection(ExtensibilityGlobals) = postSolution
		SolutionGuid = {17116C78-92D6-477A-B09B-2269083A0463}
	EndGlobalSection
EndGlobal
